schema: '2.0'
stages:
  train_preprocess:
    cmd: python src/data/make_dataset.py /data/raw/train.csv train.csv
    deps:
    - path: ./data/raw/train.csv
      hash: md5
      md5: e59c291a4b1c640f1dab33b89daa22e1
      size: 200589097
    - path: ./src/data/make_dataset.py
      hash: md5
      md5: 29fb263c2ab60227b02607a11cff569e
      size: 2287
  test_preprocess:
    cmd: python src/data/make_dataset.py /data/raw/test.csv test.csv
    deps:
    - path: ./data/raw/test.csv
      hash: md5
      md5: 0686e4fc98617485dba9fdbabbf1c48d
      size: 70794289
    - path: ./src/data/make_dataset.py
      hash: md5
      md5: 29fb263c2ab60227b02607a11cff569e
      size: 2287
